{
  "name": "APA8Verde",
  "lockfileVersion": 2,
  "requires": true,
  "packages": {
    "": {
      "dependencies": {
        "@date-io/date-fns": "^2.15.0",
        "embla-carousel-autoplay": "^7.0.2"
      }
    },
    "node_modules/@date-io/core": {
      "version": "2.15.0",
      "resolved": "https://registry.npmjs.org/@date-io/core/-/core-2.15.0.tgz",
      "integrity": "sha512-3CRvQUEK7aF87NUOwcTtmJ2Rc1kN0D4jFQUfRoanuAnE4o5HzHx4E2YenjaKjSPWeZYiWG6ZhDomx5hp1AaCJA=="
    },
    "node_modules/@date-io/date-fns": {
      "version": "2.15.0",
      "resolved": "https://registry.npmjs.org/@date-io/date-fns/-/date-fns-2.15.0.tgz",
      "integrity": "sha512-hkVeLm0jijHS2F9YVQcf0LSlD55w9xPvvIfuxDE0XWNXOTcRAAhqw2aqOxyeGbmHxc5U4HqyPZaqs9tfeTsomQ==",
      "dependencies": {
        "@date-io/core": "^2.15.0"
      },
      "peerDependencies": {
        "date-fns": "^2.0.0"
      },
      "peerDependenciesMeta": {
        "date-fns": {
          "optional": true
        }
      }
    },
    "node_modules/embla-carousel": {
      "version": "7.0.2",
      "resolved": "https://registry.npmjs.org/embla-carousel/-/embla-carousel-7.0.2.tgz",
      "integrity": "sha512-6SHKbLJRvcjunb0VT1Aw7YwK0Dw8ecqEa+ppT1j+kHGEg5I4WvUd8SjRkc1NAuQK0PTBD0d567UCmzEAngeAxw==",
      "peer": true
    },
    "node_modules/embla-carousel-autoplay": {
      "version": "7.0.2",
      "resolved": "https://registry.npmjs.org/embla-carousel-autoplay/-/embla-carousel-autoplay-7.0.2.tgz",
      "integrity": "sha512-QgrxinUHl1eQADo37clP3lUK5rTcMV4/sm9EzgxvwRz8FuKY/HL5sz6iIVjHoPqKc05frLjx+WVlcAJ141VOSA==",
      "peerDependencies": {
        "embla-carousel": "7.0.2"
      }
    }
  },
  "dependencies": {
    "@date-io/core": {
      "version": "2.15.0",
      "resolved": "https://registry.npmjs.org/@date-io/core/-/core-2.15.0.tgz",
      "integrity": "sha512-3CRvQUEK7aF87NUOwcTtmJ2Rc1kN0D4jFQUfRoanuAnE4o5HzHx4E2YenjaKjSPWeZYiWG6ZhDomx5hp1AaCJA=="
    },
    "@date-io/date-fns": {
      "version": "2.15.0",
      "resolved": "https://registry.npmjs.org/@date-io/date-fns/-/date-fns-2.15.0.tgz",
      "integrity": "sha512-hkVeLm0jijHS2F9YVQcf0LSlD55w9xPvvIfuxDE0XWNXOTcRAAhqw2aqOxyeGbmHxc5U4HqyPZaqs9tfeTsomQ==",
      "requires": {
        "@date-io/core": "^2.15.0"
      }
    },
    "embla-carousel": {
      "version": "7.0.2",
      "resolved": "https://registry.npmjs.org/embla-carousel/-/embla-carousel-7.0.2.tgz",
      "integrity": "sha512-6SHKbLJRvcjunb0VT1Aw7YwK0Dw8ecqEa+ppT1j+kHGEg5I4WvUd8SjRkc1NAuQK0PTBD0d567UCmzEAngeAxw==",
      "peer": true
    },
    "embla-carousel-autoplay": {
      "version": "7.0.2",
      "resolved": "https://registry.npmjs.org/embla-carousel-autoplay/-/embla-carousel-autoplay-7.0.2.tgz",
      "integrity": "sha512-QgrxinUHl1eQADo37clP3lUK5rTcMV4/sm9EzgxvwRz8FuKY/HL5sz6iIVjHoPqKc05frLjx+WVlcAJ141VOSA==",
      "requires": {}
    }
  }
}
